// !$*UTF8*$!
{
	archiveVersion = 1;
	classes = {
	};
	objectVersion = 56;
	objects = {

/* Begin PBXBuildFile section */
		120435592B7966290054CB12 /* Speaker.swift in Sources */ = {isa = PBXBuildFile; fileRef = 120435582B7966290054CB12 /* Speaker.swift */; };
		21FFEA2A186111978F6020B2 /* Pods_EchoHub.framework in Frameworks */ = {isa = PBXBuildFile; fileRef = 4CAE1A417DA86E3C6EC483D9 /* Pods_EchoHub.framework */; };
		2606906C2BA9D23F00F71F12 /* PasscodeView.swift in Sources */ = {isa = PBXBuildFile; fileRef = 2606906B2BA9D23F00F71F12 /* PasscodeView.swift */; };
		2606906E2BA9D24800F71F12 /* NumberPadView.swift in Sources */ = {isa = PBXBuildFile; fileRef = 2606906D2BA9D24800F71F12 /* NumberPadView.swift */; };
		260690702BA9D25500F71F12 /* PasscodeIndicatorView.swift in Sources */ = {isa = PBXBuildFile; fileRef = 2606906F2BA9D25500F71F12 /* PasscodeIndicatorView.swift */; };
		260690722BACAD6300F71F12 /* SetPasswordView.swift in Sources */ = {isa = PBXBuildFile; fileRef = 260690712BACAD6300F71F12 /* SetPasswordView.swift */; };
		260B06112B728EA300BD06D6 /* LaunchScreen.storyboard in Resources */ = {isa = PBXBuildFile; fileRef = 260B06102B728EA300BD06D6 /* LaunchScreen.storyboard */; };
		260B063F2B795DA200BD06D6 /* Constant.swift in Sources */ = {isa = PBXBuildFile; fileRef = 260B06332B795DA100BD06D6 /* Constant.swift */; };
		260B06402B795DA200BD06D6 /* Data in Resources */ = {isa = PBXBuildFile; fileRef = 260B06342B795DA100BD06D6 /* Data */; };
		260B06432B795DA200BD06D6 /* Images in Resources */ = {isa = PBXBuildFile; fileRef = 260B06372B795DA200BD06D6 /* Images */; };
		260B06452B795DA200BD06D6 /* ActionJson.swift in Sources */ = {isa = PBXBuildFile; fileRef = 260B06392B795DA200BD06D6 /* ActionJson.swift */; };
		260B06462B795DA200BD06D6 /* Preview Content in Resources */ = {isa = PBXBuildFile; fileRef = 260B063A2B795DA200BD06D6 /* Preview Content */; };
		260B06482B795DA200BD06D6 /* CodableBundleExtension.swift in Sources */ = {isa = PBXBuildFile; fileRef = 260B063C2B795DA200BD06D6 /* CodableBundleExtension.swift */; };
		26D741272B71798200F93014 /* EchoHubApp.swift in Sources */ = {isa = PBXBuildFile; fileRef = 26D741262B71798200F93014 /* EchoHubApp.swift */; };
		26D741292B71798200F93014 /* AssistantSelectView.swift in Sources */ = {isa = PBXBuildFile; fileRef = 26D741282B71798200F93014 /* AssistantSelectView.swift */; };
		26D7412D2B71798400F93014 /* Assets.xcassets in Resources */ = {isa = PBXBuildFile; fileRef = 26D7412C2B71798400F93014 /* Assets.xcassets */; };
		26D741302B71798400F93014 /* Preview Assets.xcassets in Resources */ = {isa = PBXBuildFile; fileRef = 26D7412F2B71798400F93014 /* Preview Assets.xcassets */; };
		B2034E4D2B76808400DFF681 /* Action.swift in Sources */ = {isa = PBXBuildFile; fileRef = B2034E4C2B76808400DFF681 /* Action.swift */; };
		B216EB7E2BAB4E9000B47037 /* SettingsView.swift in Sources */ = {isa = PBXBuildFile; fileRef = B216EB7D2BAB4E9000B47037 /* SettingsView.swift */; };
		B23404AE2BB39C6900EB9693 /* DeviceView.swift in Sources */ = {isa = PBXBuildFile; fileRef = B23404AD2BB39C6900EB9693 /* DeviceView.swift */; };
		B23404B22BB39C9F00EB9693 /* CategoryView.swift in Sources */ = {isa = PBXBuildFile; fileRef = B23404AF2BB39C9F00EB9693 /* CategoryView.swift */; };
		B23404B32BB39C9F00EB9693 /* ActionIconView.swift in Sources */ = {isa = PBXBuildFile; fileRef = B23404B02BB39C9F00EB9693 /* ActionIconView.swift */; };
		B23404B42BB39C9F00EB9693 /* NavigationBarView.swift in Sources */ = {isa = PBXBuildFile; fileRef = B23404B12BB39C9F00EB9693 /* NavigationBarView.swift */; };
		B26B8F492B744BC4000843B9 /* ActionView.swift in Sources */ = {isa = PBXBuildFile; fileRef = B26B8F482B744BC4000843B9 /* ActionView.swift */; };
		B26B8F4B2B7453CB000843B9 /* ImagePicker.swift in Sources */ = {isa = PBXBuildFile; fileRef = B26B8F4A2B7453CB000843B9 /* ImagePicker.swift */; };
		B26B8F4D2B745783000843B9 /* ImagePickerView.swift in Sources */ = {isa = PBXBuildFile; fileRef = B26B8F4C2B745783000843B9 /* ImagePickerView.swift */; };
		B2C1440F2BA7962B004FFF9B /* awsconfiguration.json in Resources */ = {isa = PBXBuildFile; fileRef = B2C1440E2BA7962B004FFF9B /* awsconfiguration.json */; };
/* End PBXBuildFile section */

/* Begin PBXFileReference section */
		120435582B7966290054CB12 /* Speaker.swift */ = {isa = PBXFileReference; fileEncoding = 4; lastKnownFileType = sourcecode.swift; path = Speaker.swift; sourceTree = "<group>"; };
		177F77AC13A3E53CFAABD63A /* Pods-EchoHub.debug.xcconfig */ = {isa = PBXFileReference; includeInIndex = 1; lastKnownFileType = text.xcconfig; name = "Pods-EchoHub.debug.xcconfig"; path = "Target Support Files/Pods-EchoHub/Pods-EchoHub.debug.xcconfig"; sourceTree = "<group>"; };
		2606906B2BA9D23F00F71F12 /* PasscodeView.swift */ = {isa = PBXFileReference; lastKnownFileType = sourcecode.swift; path = PasscodeView.swift; sourceTree = "<group>"; };
		2606906D2BA9D24800F71F12 /* NumberPadView.swift */ = {isa = PBXFileReference; lastKnownFileType = sourcecode.swift; path = NumberPadView.swift; sourceTree = "<group>"; };
		2606906F2BA9D25500F71F12 /* PasscodeIndicatorView.swift */ = {isa = PBXFileReference; lastKnownFileType = sourcecode.swift; path = PasscodeIndicatorView.swift; sourceTree = "<group>"; };
		260690712BACAD6300F71F12 /* SetPasswordView.swift */ = {isa = PBXFileReference; lastKnownFileType = sourcecode.swift; path = SetPasswordView.swift; sourceTree = "<group>"; };
		260B060F2B728E0200BD06D6 /* Info.plist */ = {isa = PBXFileReference; lastKnownFileType = text.plist; path = Info.plist; sourceTree = "<group>"; };
		260B06102B728EA300BD06D6 /* LaunchScreen.storyboard */ = {isa = PBXFileReference; lastKnownFileType = file.storyboard; path = LaunchScreen.storyboard; sourceTree = "<group>"; };
		260B06332B795DA100BD06D6 /* Constant.swift */ = {isa = PBXFileReference; fileEncoding = 4; lastKnownFileType = sourcecode.swift; path = Constant.swift; sourceTree = "<group>"; };
		260B06342B795DA100BD06D6 /* Data */ = {isa = PBXFileReference; lastKnownFileType = folder; path = Data; sourceTree = "<group>"; };
		260B06372B795DA200BD06D6 /* Images */ = {isa = PBXFileReference; lastKnownFileType = folder; path = Images; sourceTree = "<group>"; };
		260B06392B795DA200BD06D6 /* ActionJson.swift */ = {isa = PBXFileReference; fileEncoding = 4; lastKnownFileType = sourcecode.swift; path = ActionJson.swift; sourceTree = "<group>"; };
		260B063A2B795DA200BD06D6 /* Preview Content */ = {isa = PBXFileReference; lastKnownFileType = folder; path = "Preview Content"; sourceTree = "<group>"; };
		260B063C2B795DA200BD06D6 /* CodableBundleExtension.swift */ = {isa = PBXFileReference; fileEncoding = 4; lastKnownFileType = sourcecode.swift; path = CodableBundleExtension.swift; sourceTree = "<group>"; };
		26D741232B71798200F93014 /* EchoHub.app */ = {isa = PBXFileReference; explicitFileType = wrapper.application; includeInIndex = 0; path = EchoHub.app; sourceTree = BUILT_PRODUCTS_DIR; };
		26D741262B71798200F93014 /* EchoHubApp.swift */ = {isa = PBXFileReference; lastKnownFileType = sourcecode.swift; path = EchoHubApp.swift; sourceTree = "<group>"; };
		26D741282B71798200F93014 /* AssistantSelectView.swift */ = {isa = PBXFileReference; lastKnownFileType = sourcecode.swift; path = AssistantSelectView.swift; sourceTree = "<group>"; };
		26D7412C2B71798400F93014 /* Assets.xcassets */ = {isa = PBXFileReference; lastKnownFileType = folder.assetcatalog; path = Assets.xcassets; sourceTree = "<group>"; };
		26D7412F2B71798400F93014 /* Preview Assets.xcassets */ = {isa = PBXFileReference; lastKnownFileType = folder.assetcatalog; path = "Preview Assets.xcassets"; sourceTree = "<group>"; };
		4CAE1A417DA86E3C6EC483D9 /* Pods_EchoHub.framework */ = {isa = PBXFileReference; explicitFileType = wrapper.framework; includeInIndex = 0; path = Pods_EchoHub.framework; sourceTree = BUILT_PRODUCTS_DIR; };
		B2034E4C2B76808400DFF681 /* Action.swift */ = {isa = PBXFileReference; lastKnownFileType = sourcecode.swift; path = Action.swift; sourceTree = "<group>"; };
		B216EB7D2BAB4E9000B47037 /* SettingsView.swift */ = {isa = PBXFileReference; lastKnownFileType = sourcecode.swift; path = SettingsView.swift; sourceTree = "<group>"; };
		B23404AD2BB39C6900EB9693 /* DeviceView.swift */ = {isa = PBXFileReference; fileEncoding = 4; lastKnownFileType = sourcecode.swift; path = DeviceView.swift; sourceTree = "<group>"; };
		B23404AF2BB39C9F00EB9693 /* CategoryView.swift */ = {isa = PBXFileReference; fileEncoding = 4; lastKnownFileType = sourcecode.swift; path = CategoryView.swift; sourceTree = "<group>"; };
		B23404B02BB39C9F00EB9693 /* ActionIconView.swift */ = {isa = PBXFileReference; fileEncoding = 4; lastKnownFileType = sourcecode.swift; path = ActionIconView.swift; sourceTree = "<group>"; };
		B23404B12BB39C9F00EB9693 /* NavigationBarView.swift */ = {isa = PBXFileReference; fileEncoding = 4; lastKnownFileType = sourcecode.swift; path = NavigationBarView.swift; sourceTree = "<group>"; };
		B26B8F482B744BC4000843B9 /* ActionView.swift */ = {isa = PBXFileReference; lastKnownFileType = sourcecode.swift; path = ActionView.swift; sourceTree = "<group>"; };
		B26B8F4A2B7453CB000843B9 /* ImagePicker.swift */ = {isa = PBXFileReference; lastKnownFileType = sourcecode.swift; path = ImagePicker.swift; sourceTree = "<group>"; };
		B26B8F4C2B745783000843B9 /* ImagePickerView.swift */ = {isa = PBXFileReference; lastKnownFileType = sourcecode.swift; path = ImagePickerView.swift; sourceTree = "<group>"; };
		B2C1440E2BA7962B004FFF9B /* awsconfiguration.json */ = {isa = PBXFileReference; fileEncoding = 4; lastKnownFileType = text.json; path = awsconfiguration.json; sourceTree = "<group>"; };
		CE024AED63F29BA70CEB0FEE /* Pods-EchoHub.release.xcconfig */ = {isa = PBXFileReference; includeInIndex = 1; lastKnownFileType = text.xcconfig; name = "Pods-EchoHub.release.xcconfig"; path = "Target Support Files/Pods-EchoHub/Pods-EchoHub.release.xcconfig"; sourceTree = "<group>"; };
/* End PBXFileReference section */

/* Begin PBXFrameworksBuildPhase section */
		26D741202B71798200F93014 /* Frameworks */ = {
			isa = PBXFrameworksBuildPhase;
			buildActionMask = 2147483647;
			files = (
				21FFEA2A186111978F6020B2 /* Pods_EchoHub.framework in Frameworks */,
			);
			runOnlyForDeploymentPostprocessing = 0;
		};
/* End PBXFrameworksBuildPhase section */

/* Begin PBXGroup section */
		26D7411A2B71798200F93014 = {
			isa = PBXGroup;
			children = (
				B2C1440E2BA7962B004FFF9B /* awsconfiguration.json */,
				26D741252B71798200F93014 /* EchoHub */,
				26D741242B71798200F93014 /* Products */,
				2FDB38211E83A2D1747713CA /* Pods */,
				71186B23AB832FCC3F559045 /* Frameworks */,
			);
			sourceTree = "<group>";
		};
		26D741242B71798200F93014 /* Products */ = {
			isa = PBXGroup;
			children = (
				26D741232B71798200F93014 /* EchoHub.app */,
			);
			name = Products;
			sourceTree = "<group>";
		};
		26D741252B71798200F93014 /* EchoHub */ = {
			isa = PBXGroup;
			children = (
				260B060F2B728E0200BD06D6 /* Info.plist */,
				26D741262B71798200F93014 /* EchoHubApp.swift */,
				26D741282B71798200F93014 /* AssistantSelectView.swift */,
				260690712BACAD6300F71F12 /* SetPasswordView.swift */,
				B26B8F482B744BC4000843B9 /* ActionView.swift */,
				B26B8F4C2B745783000843B9 /* ImagePickerView.swift */,
				B23404AD2BB39C6900EB9693 /* DeviceView.swift */,
				B216EB7D2BAB4E9000B47037 /* SettingsView.swift */,
				B23404B02BB39C9F00EB9693 /* ActionIconView.swift */,
				B23404AF2BB39C9F00EB9693 /* CategoryView.swift */,
				B23404B12BB39C9F00EB9693 /* NavigationBarView.swift */,
				2606906B2BA9D23F00F71F12 /* PasscodeView.swift */,
				120435582B7966290054CB12 /* Speaker.swift */,
				2606906D2BA9D24800F71F12 /* NumberPadView.swift */,
				B26B8F4A2B7453CB000843B9 /* ImagePicker.swift */,
				B2034E4C2B76808400DFF681 /* Action.swift */,
				260B063C2B795DA200BD06D6 /* CodableBundleExtension.swift */,
				260B06332B795DA100BD06D6 /* Constant.swift */,
				2606906F2BA9D25500F71F12 /* PasscodeIndicatorView.swift */,
				260B06392B795DA200BD06D6 /* ActionJson.swift */,
				260B06102B728EA300BD06D6 /* LaunchScreen.storyboard */,
				260B06342B795DA100BD06D6 /* Data */,
				260B06372B795DA200BD06D6 /* Images */,
				260B063A2B795DA200BD06D6 /* Preview Content */,
				26D7412C2B71798400F93014 /* Assets.xcassets */,
				26D7412E2B71798400F93014 /* Preview Content */,
			);
			path = EchoHub;
			sourceTree = "<group>";
		};
		26D7412E2B71798400F93014 /* Preview Content */ = {
			isa = PBXGroup;
			children = (
				26D7412F2B71798400F93014 /* Preview Assets.xcassets */,
			);
			path = "Preview Content";
			sourceTree = "<group>";
		};
		2FDB38211E83A2D1747713CA /* Pods */ = {
			isa = PBXGroup;
			children = (
				177F77AC13A3E53CFAABD63A /* Pods-EchoHub.debug.xcconfig */,
				CE024AED63F29BA70CEB0FEE /* Pods-EchoHub.release.xcconfig */,
			);
			path = Pods;
			sourceTree = "<group>";
		};
		71186B23AB832FCC3F559045 /* Frameworks */ = {
			isa = PBXGroup;
			children = (
				4CAE1A417DA86E3C6EC483D9 /* Pods_EchoHub.framework */,
			);
			name = Frameworks;
			sourceTree = "<group>";
		};
/* End PBXGroup section */

/* Begin PBXNativeTarget section */
		26D741222B71798200F93014 /* EchoHub */ = {
			isa = PBXNativeTarget;
			buildConfigurationList = 26D741332B71798400F93014 /* Build configuration list for PBXNativeTarget "EchoHub" */;
			buildPhases = (
				F5A44A7AD23810F250B1CC29 /* [CP] Check Pods Manifest.lock */,
				26D7411F2B71798200F93014 /* Sources */,
				26D741202B71798200F93014 /* Frameworks */,
				26D741212B71798200F93014 /* Resources */,
				589AED344A5200C4450D5C85 /* [CP] Embed Pods Frameworks */,
			);
			buildRules = (
			);
			dependencies = (
			);
			name = EchoHub;
			productName = EchoHub;
			productReference = 26D741232B71798200F93014 /* EchoHub.app */;
			productType = "com.apple.product-type.application";
		};
/* End PBXNativeTarget section */

/* Begin PBXProject section */
		26D7411B2B71798200F93014 /* Project object */ = {
			isa = PBXProject;
			attributes = {
				BuildIndependentTargetsInParallel = 1;
				LastSwiftUpdateCheck = 1520;
				LastUpgradeCheck = 1520;
				TargetAttributes = {
					26D741222B71798200F93014 = {
						CreatedOnToolsVersion = 15.2;
					};
				};
			};
			buildConfigurationList = 26D7411E2B71798200F93014 /* Build configuration list for PBXProject "EchoHub" */;
			compatibilityVersion = "Xcode 14.0";
			developmentRegion = en;
			hasScannedForEncodings = 0;
			knownRegions = (
				en,
				Base,
			);
			mainGroup = 26D7411A2B71798200F93014;
			productRefGroup = 26D741242B71798200F93014 /* Products */;
			projectDirPath = "";
			projectRoot = "";
			targets = (
				26D741222B71798200F93014 /* EchoHub */,
			);
		};
/* End PBXProject section */

/* Begin PBXResourcesBuildPhase section */
		26D741212B71798200F93014 /* Resources */ = {
			isa = PBXResourcesBuildPhase;
			buildActionMask = 2147483647;
			files = (
				260B06112B728EA300BD06D6 /* LaunchScreen.storyboard in Resources */,
				B2C1440F2BA7962B004FFF9B /* awsconfiguration.json in Resources */,
				26D741302B71798400F93014 /* Preview Assets.xcassets in Resources */,
				260B06432B795DA200BD06D6 /* Images in Resources */,
				260B06402B795DA200BD06D6 /* Data in Resources */,
				260B06462B795DA200BD06D6 /* Preview Content in Resources */,
				26D7412D2B71798400F93014 /* Assets.xcassets in Resources */,
			);
			runOnlyForDeploymentPostprocessing = 0;
		};
/* End PBXResourcesBuildPhase section */

/* Begin PBXShellScriptBuildPhase section */
		589AED344A5200C4450D5C85 /* [CP] Embed Pods Frameworks */ = {
			isa = PBXShellScriptBuildPhase;
			buildActionMask = 2147483647;
			files = (
			);
			inputFileListPaths = (
				"${PODS_ROOT}/Target Support Files/Pods-EchoHub/Pods-EchoHub-frameworks-${CONFIGURATION}-input-files.xcfilelist",
			);
			name = "[CP] Embed Pods Frameworks";
			outputFileListPaths = (
				"${PODS_ROOT}/Target Support Files/Pods-EchoHub/Pods-EchoHub-frameworks-${CONFIGURATION}-output-files.xcfilelist",
			);
			runOnlyForDeploymentPostprocessing = 0;
			shellPath = /bin/sh;
			shellScript = "\"${PODS_ROOT}/Target Support Files/Pods-EchoHub/Pods-EchoHub-frameworks.sh\"\n";
			showEnvVarsInLog = 0;
		};
		F5A44A7AD23810F250B1CC29 /* [CP] Check Pods Manifest.lock */ = {
			isa = PBXShellScriptBuildPhase;
			buildActionMask = 2147483647;
			files = (
			);
			inputFileListPaths = (
			);
			inputPaths = (
				"${PODS_PODFILE_DIR_PATH}/Podfile.lock",
				"${PODS_ROOT}/Manifest.lock",
			);
			name = "[CP] Check Pods Manifest.lock";
			outputFileListPaths = (
			);
			outputPaths = (
				"$(DERIVED_FILE_DIR)/Pods-EchoHub-checkManifestLockResult.txt",
			);
			runOnlyForDeploymentPostprocessing = 0;
			shellPath = /bin/sh;
			shellScript = "diff \"${PODS_PODFILE_DIR_PATH}/Podfile.lock\" \"${PODS_ROOT}/Manifest.lock\" > /dev/null\nif [ $? != 0 ] ; then\n    # print error to STDERR\n    echo \"error: The sandbox is not in sync with the Podfile.lock. Run 'pod install' or update your CocoaPods installation.\" >&2\n    exit 1\nfi\n# This output is used by Xcode 'outputs' to avoid re-running this script phase.\necho \"SUCCESS\" > \"${SCRIPT_OUTPUT_FILE_0}\"\n";
			showEnvVarsInLog = 0;
		};
/* End PBXShellScriptBuildPhase section */

/* Begin PBXSourcesBuildPhase section */
		26D7411F2B71798200F93014 /* Sources */ = {
			isa = PBXSourcesBuildPhase;
			buildActionMask = 2147483647;
			files = (
				B216EB7E2BAB4E9000B47037 /* SettingsView.swift in Sources */,
				B23404B22BB39C9F00EB9693 /* CategoryView.swift in Sources */,
				26D741292B71798200F93014 /* AssistantSelectView.swift in Sources */,
				260690702BA9D25500F71F12 /* PasscodeIndicatorView.swift in Sources */,
				120435592B7966290054CB12 /* Speaker.swift in Sources */,
				B26B8F4B2B7453CB000843B9 /* ImagePicker.swift in Sources */,
				26D741272B71798200F93014 /* EchoHubApp.swift in Sources */,
				B23404AE2BB39C6900EB9693 /* DeviceView.swift in Sources */,
				B2034E4D2B76808400DFF681 /* Action.swift in Sources */,
				2606906E2BA9D24800F71F12 /* NumberPadView.swift in Sources */,
				260690722BACAD6300F71F12 /* SetPasswordView.swift in Sources */,
				260B06452B795DA200BD06D6 /* ActionJson.swift in Sources */,
				B26B8F4D2B745783000843B9 /* ImagePickerView.swift in Sources */,
				B23404B42BB39C9F00EB9693 /* NavigationBarView.swift in Sources */,
				260B063F2B795DA200BD06D6 /* Constant.swift in Sources */,
				B26B8F492B744BC4000843B9 /* ActionView.swift in Sources */,
				2606906C2BA9D23F00F71F12 /* PasscodeView.swift in Sources */,
				260B06482B795DA200BD06D6 /* CodableBundleExtension.swift in Sources */,
				B23404B32BB39C9F00EB9693 /* ActionIconView.swift in Sources */,
			);
			runOnlyForDeploymentPostprocessing = 0;
		};
/* End PBXSourcesBuildPhase section */

/* Begin XCBuildConfiguration section */
		26D741312B71798400F93014 /* Debug */ = {
			isa = XCBuildConfiguration;
			buildSettings = {
				ALWAYS_SEARCH_USER_PATHS = NO;
				ASSETCATALOG_COMPILER_GENERATE_SWIFT_ASSET_SYMBOL_EXTENSIONS = YES;
				CLANG_ANALYZER_NONNULL = YES;
				CLANG_ANALYZER_NUMBER_OBJECT_CONVERSION = YES_AGGRESSIVE;
				CLANG_CXX_LANGUAGE_STANDARD = "gnu++20";
				CLANG_ENABLE_MODULES = YES;
				CLANG_ENABLE_OBJC_ARC = YES;
				CLANG_ENABLE_OBJC_WEAK = YES;
				CLANG_WARN_BLOCK_CAPTURE_AUTORELEASING = YES;
				CLANG_WARN_BOOL_CONVERSION = YES;
				CLANG_WARN_COMMA = YES;
				CLANG_WARN_CONSTANT_CONVERSION = YES;
				CLANG_WARN_DEPRECATED_OBJC_IMPLEMENTATIONS = YES;
				CLANG_WARN_DIRECT_OBJC_ISA_USAGE = YES_ERROR;
				CLANG_WARN_DOCUMENTATION_COMMENTS = YES;
				CLANG_WARN_EMPTY_BODY = YES;
				CLANG_WARN_ENUM_CONVERSION = YES;
				CLANG_WARN_INFINITE_RECURSION = YES;
				CLANG_WARN_INT_CONVERSION = YES;
				CLANG_WARN_NON_LITERAL_NULL_CONVERSION = YES;
				CLANG_WARN_OBJC_IMPLICIT_RETAIN_SELF = YES;
				CLANG_WARN_OBJC_LITERAL_CONVERSION = YES;
				CLANG_WARN_OBJC_ROOT_CLASS = YES_ERROR;
				CLANG_WARN_QUOTED_INCLUDE_IN_FRAMEWORK_HEADER = YES;
				CLANG_WARN_RANGE_LOOP_ANALYSIS = YES;
				CLANG_WARN_STRICT_PROTOTYPES = YES;
				CLANG_WARN_SUSPICIOUS_MOVE = YES;
				CLANG_WARN_UNGUARDED_AVAILABILITY = YES_AGGRESSIVE;
				CLANG_WARN_UNREACHABLE_CODE = YES;
				CLANG_WARN__DUPLICATE_METHOD_MATCH = YES;
				COPY_PHASE_STRIP = NO;
				DEBUG_INFORMATION_FORMAT = dwarf;
				ENABLE_STRICT_OBJC_MSGSEND = YES;
				ENABLE_TESTABILITY = YES;
				ENABLE_USER_SCRIPT_SANDBOXING = NO;
				GCC_C_LANGUAGE_STANDARD = gnu17;
				GCC_DYNAMIC_NO_PIC = NO;
				GCC_NO_COMMON_BLOCKS = YES;
				GCC_OPTIMIZATION_LEVEL = 0;
				GCC_PREPROCESSOR_DEFINITIONS = (
					"DEBUG=1",
					"$(inherited)",
				);
				GCC_WARN_64_TO_32_BIT_CONVERSION = YES;
				GCC_WARN_ABOUT_RETURN_TYPE = YES_ERROR;
				GCC_WARN_UNDECLARED_SELECTOR = YES;
				GCC_WARN_UNINITIALIZED_AUTOS = YES_AGGRESSIVE;
				GCC_WARN_UNUSED_FUNCTION = YES;
				GCC_WARN_UNUSED_VARIABLE = YES;
				IPHONEOS_DEPLOYMENT_TARGET = 17.2;
				LOCALIZATION_PREFERS_STRING_CATALOGS = YES;
				MTL_ENABLE_DEBUG_INFO = INCLUDE_SOURCE;
				MTL_FAST_MATH = YES;
				ONLY_ACTIVE_ARCH = YES;
				SDKROOT = iphoneos;
				SWIFT_ACTIVE_COMPILATION_CONDITIONS = "DEBUG $(inherited)";
				SWIFT_OPTIMIZATION_LEVEL = "-Onone";
			};
			name = Debug;
		};
		26D741322B71798400F93014 /* Release */ = {
			isa = XCBuildConfiguration;
			buildSettings = {
				ALWAYS_SEARCH_USER_PATHS = NO;
				ASSETCATALOG_COMPILER_GENERATE_SWIFT_ASSET_SYMBOL_EXTENSIONS = YES;
				CLANG_ANALYZER_NONNULL = YES;
				CLANG_ANALYZER_NUMBER_OBJECT_CONVERSION = YES_AGGRESSIVE;
				CLANG_CXX_LANGUAGE_STANDARD = "gnu++20";
				CLANG_ENABLE_MODULES = YES;
				CLANG_ENABLE_OBJC_ARC = YES;
				CLANG_ENABLE_OBJC_WEAK = YES;
				CLANG_WARN_BLOCK_CAPTURE_AUTORELEASING = YES;
				CLANG_WARN_BOOL_CONVERSION = YES;
				CLANG_WARN_COMMA = YES;
				CLANG_WARN_CONSTANT_CONVERSION = YES;
				CLANG_WARN_DEPRECATED_OBJC_IMPLEMENTATIONS = YES;
				CLANG_WARN_DIRECT_OBJC_ISA_USAGE = YES_ERROR;
				CLANG_WARN_DOCUMENTATION_COMMENTS = YES;
				CLANG_WARN_EMPTY_BODY = YES;
				CLANG_WARN_ENUM_CONVERSION = YES;
				CLANG_WARN_INFINITE_RECURSION = YES;
				CLANG_WARN_INT_CONVERSION = YES;
				CLANG_WARN_NON_LITERAL_NULL_CONVERSION = YES;
				CLANG_WARN_OBJC_IMPLICIT_RETAIN_SELF = YES;
				CLANG_WARN_OBJC_LITERAL_CONVERSION = YES;
				CLANG_WARN_OBJC_ROOT_CLASS = YES_ERROR;
				CLANG_WARN_QUOTED_INCLUDE_IN_FRAMEWORK_HEADER = YES;
				CLANG_WARN_RANGE_LOOP_ANALYSIS = YES;
				CLANG_WARN_STRICT_PROTOTYPES = YES;
				CLANG_WARN_SUSPICIOUS_MOVE = YES;
				CLANG_WARN_UNGUARDED_AVAILABILITY = YES_AGGRESSIVE;
				CLANG_WARN_UNREACHABLE_CODE = YES;
				CLANG_WARN__DUPLICATE_METHOD_MATCH = YES;
				COPY_PHASE_STRIP = NO;
				DEBUG_INFORMATION_FORMAT = "dwarf-with-dsym";
				ENABLE_NS_ASSERTIONS = NO;
				ENABLE_STRICT_OBJC_MSGSEND = YES;
				ENABLE_USER_SCRIPT_SANDBOXING = NO;
				GCC_C_LANGUAGE_STANDARD = gnu17;
				GCC_NO_COMMON_BLOCKS = YES;
				GCC_WARN_64_TO_32_BIT_CONVERSION = YES;
				GCC_WARN_ABOUT_RETURN_TYPE = YES_ERROR;
				GCC_WARN_UNDECLARED_SELECTOR = YES;
				GCC_WARN_UNINITIALIZED_AUTOS = YES_AGGRESSIVE;
				GCC_WARN_UNUSED_FUNCTION = YES;
				GCC_WARN_UNUSED_VARIABLE = YES;
				IPHONEOS_DEPLOYMENT_TARGET = 17.2;
				LOCALIZATION_PREFERS_STRING_CATALOGS = YES;
				MTL_ENABLE_DEBUG_INFO = NO;
				MTL_FAST_MATH = YES;
				SDKROOT = iphoneos;
				SWIFT_COMPILATION_MODE = wholemodule;
				VALIDATE_PRODUCT = YES;
			};
			name = Release;
		};
		26D741342B71798400F93014 /* Debug */ = {
			isa = XCBuildConfiguration;
			baseConfigurationReference = 177F77AC13A3E53CFAABD63A /* Pods-EchoHub.debug.xcconfig */;
			buildSettings = {
				ASSETCATALOG_COMPILER_APPICON_NAME = AppIcon;
				ASSETCATALOG_COMPILER_GLOBAL_ACCENT_COLOR_NAME = AccentColor;
				CODE_SIGN_STYLE = Automatic;
				CURRENT_PROJECT_VERSION = 1;
				DEVELOPMENT_ASSET_PATHS = "\"EchoHub/Preview Content\"";
				DEVELOPMENT_TEAM = DQGTG9S9LU;
				ENABLE_PREVIEWS = YES;
				GENERATE_INFOPLIST_FILE = YES;
				INFOPLIST_FILE = EchoHub/Info.plist;
				INFOPLIST_KEY_NSCameraUsageDescription = "Used to set action pictures";
				INFOPLIST_KEY_UIApplicationSceneManifest_Generation = YES;
				INFOPLIST_KEY_UIApplicationSupportsIndirectInputEvents = YES;
				INFOPLIST_KEY_UILaunchScreen_Generation = YES;
				INFOPLIST_KEY_UILaunchStoryboardName = LaunchScreen.storyboard;
				INFOPLIST_KEY_UISupportedInterfaceOrientations = UIInterfaceOrientationPortrait;
				INFOPLIST_KEY_UIUserInterfaceStyle = Light;
				LD_RUNPATH_SEARCH_PATHS = (
					"$(inherited)",
					"@executable_path/Frameworks",
				);
				MARKETING_VERSION = 1.0;
				PRODUCT_BUNDLE_IDENTIFIER = com.eecs495.EchoHubApp;
				PRODUCT_NAME = "$(TARGET_NAME)";
				SWIFT_EMIT_LOC_STRINGS = YES;
				SWIFT_VERSION = 5.0;
				TARGETED_DEVICE_FAMILY = "1,2";
			};
			name = Debug;
		};
		26D741352B71798400F93014 /* Release */ = {
			isa = XCBuildConfiguration;
			baseConfigurationReference = CE024AED63F29BA70CEB0FEE /* Pods-EchoHub.release.xcconfig */;
			buildSettings = {
				ASSETCATALOG_COMPILER_APPICON_NAME = AppIcon;
				ASSETCATALOG_COMPILER_GLOBAL_ACCENT_COLOR_NAME = AccentColor;
				CODE_SIGN_STYLE = Automatic;
				CURRENT_PROJECT_VERSION = 1;
				DEVELOPMENT_ASSET_PATHS = "\"EchoHub/Preview Content\"";
				DEVELOPMENT_TEAM = DQGTG9S9LU;
				ENABLE_PREVIEWS = YES;
				GENERATE_INFOPLIST_FILE = YES;
				INFOPLIST_FILE = EchoHub/Info.plist;
				INFOPLIST_KEY_NSCameraUsageDescription = "Used to set action pictures";
				INFOPLIST_KEY_UIApplicationSceneManifest_Generation = YES;
				INFOPLIST_KEY_UIApplicationSupportsIndirectInputEvents = YES;
				INFOPLIST_KEY_UILaunchScreen_Generation = YES;
				INFOPLIST_KEY_UILaunchStoryboardName = LaunchScreen.storyboard;
				INFOPLIST_KEY_UISupportedInterfaceOrientations = UIInterfaceOrientationPortrait;
				INFOPLIST_KEY_UIUserInterfaceStyle = Light;
				LD_RUNPATH_SEARCH_PATHS = (
					"$(inherited)",
					"@executable_path/Frameworks",
				);
				MARKETING_VERSION = 1.0;
				PRODUCT_BUNDLE_IDENTIFIER = com.eecs495.EchoHubApp;
				PRODUCT_NAME = "$(TARGET_NAME)";
				SWIFT_EMIT_LOC_STRINGS = YES;
				SWIFT_VERSION = 5.0;
				TARGETED_DEVICE_FAMILY = "1,2";
			};
			name = Release;
		};
/* End XCBuildConfiguration section */

/* Begin XCConfigurationList section */
		26D7411E2B71798200F93014 /* Build configuration list for PBXProject "EchoHub" */ = {
			isa = XCConfigurationList;
			buildConfigurations = (
				26D741312B71798400F93014 /* Debug */,
				26D741322B71798400F93014 /* Release */,
			);
			defaultConfigurationIsVisible = 0;
			defaultConfigurationName = Release;
		};
		26D741332B71798400F93014 /* Build configuration list for PBXNativeTarget "EchoHub" */ = {
			isa = XCConfigurationList;
			buildConfigurations = (
				26D741342B71798400F93014 /* Debug */,
				26D741352B71798400F93014 /* Release */,
			);
			defaultConfigurationIsVisible = 0;
			defaultConfigurationName = Release;
		};
/* End XCConfigurationList section */
	};
	rootObject = 26D7411B2B71798200F93014 /* Project object */;
}
